github.com/dhowden/tag v0.0.0-20240417053706-3d75831295e8 h1:OtSeLS5y0Uy01jaKK4mA/WVIYtpzVm63vLVAPzJXigg=
github.com/dhowden/tag v0.0.0-20240417053706-3d75831295e8/go.mod h1:apkPC/CR3s48O2D7Y++n1XWEpgPNNCjXYga3PPbJe2E=
github.com/mrz1836/go-sanitize v1.5.2 h1:nxfEZXR6eGUBP1e1zhrUiRd0FFiaw+dduBFtgK4+GLc=
github.com/mrz1836/go-sanitize v1.5.2/go.mod h1:w3j9KyYxbIGwzNKaMvTXpz2LW8YrOHkrXKHRXVeL07I=
